
Microsoft Visual Studio Solution File, Format Version 12.00
# Visual Studio Version 16
VisualStudioVersion = 16.0.30011.22
MinimumVisualStudioVersion = 10.0.40219.1
Project("{9A19103F-16F7-4668-BE54-9A1E7A4F7556}") = "TrainStation", "TrainStation\TrainStation.csproj", "{02DBB2F0-6A3A-4B77-8C81-748AAD7A33B7}"
EndProject
Global
	GlobalSection(SolutionConfigurationPlatforms) = preSolution
		Debug|Any CPU = Debug|Any CPU
		Release|Any CPU = Release|Any CPU
	EndGlobalSection
	GlobalSection(ProjectConfigurationPlatforms) = postSolution
		{02DBB2F0-6A3A-4B77-8C81-748AAD7A33B7}.Debug|Any CPU.ActiveCfg = Debug|x86
		{02DBB2F0-6A3A-4B77-8C81-748AAD7A33B7}.Debug|Any CPU.Build.0 = Debug|x86
		{02DBB2F0-6A3A-4B77-8C81-748AAD7A33B7}.Release|Any CPU.ActiveCfg = Release|x86
	EndGlobalSection
	GlobalSection(SolutionProperties) = preSolution
		HideSolutionNode = FALSE
	EndGlobalSection
	GlobalSection(ExtensibilityGlobals) = postSolution
		SolutionGuid = {79E55091-E8D5-45DE-9C5A-C8995DC1898C}
	EndGlobalSection
EndGlobal
