
Microsoft Visual Studio Solution File, Format Version 12.00
# Visual Studio Version 16
VisualStudioVersion = 16.0.30011.22
MinimumVisualStudioVersion = 10.0.40219.1
Project("{FAE04EC0-301F-11D3-BF4B-00C04F79EFBC}") = "WarpPylons", "WarpPylons.csproj", "{ACE9BDF4-43DA-4ED5-BBDC-26C972C502ED}"
EndProject
Global
	GlobalSection(SolutionConfigurationPlatforms) = preSolution
		Debug|Any CPU = Debug|Any CPU
		Release|Any CPU = Release|Any CPU
	EndGlobalSection
	GlobalSection(ProjectConfigurationPlatforms) = postSolution
		{ACE9BDF4-43DA-4ED5-BBDC-26C972C502ED}.Debug|Any CPU.ActiveCfg = Debug|x86
		{ACE9BDF4-43DA-4ED5-BBDC-26C972C502ED}.Debug|Any CPU.Build.0 = Debug|x86
		{ACE9BDF4-43DA-4ED5-BBDC-26C972C502ED}.Release|Any CPU.ActiveCfg = Release|x86
	EndGlobalSection
	GlobalSection(SolutionProperties) = preSolution
		HideSolutionNode = FALSE
	EndGlobalSection
	GlobalSection(ExtensibilityGlobals) = postSolution
		SolutionGuid = {6C4A0563-59DE-499B-8B1B-463169620664}
	EndGlobalSection
EndGlobal
