
Microsoft Visual Studio Solution File, Format Version 12.00
# Visual Studio Version 17
VisualStudioVersion = 17.9.34607.119
MinimumVisualStudioVersion = 10.0.40219.1
Project("{9A19103F-16F7-4668-BE54-9A1E7A4F7556}") = "CataloguesAnywhere", "CataloguesAnywhere\CataloguesAnywhere.csproj", "{077516AD-1A70-4CDC-90E3-BE4F1D78D60B}"
EndProject
Project("{9A19103F-16F7-4668-BE54-9A1E7A4F7556}") = "ChangeSlimeHutchLimit", "ChangeSlimeHutchLimit\ChangeSlimeHutchLimit.csproj", "{15F86DAA-1648-494F-9FB9-67532A1ED38C}"
EndProject
Project("{9A19103F-16F7-4668-BE54-9A1E7A4F7556}") = "CustomCraftingStations", "CustomCraftingStations\CustomCraftingStations.csproj", "{8D64FA42-508D-4388-BA81-7E31C8BAA040}"
EndProject
Project("{9A19103F-16F7-4668-BE54-9A1E7A4F7556}") = "CustomizeAnywhere", "CustomizeAnywhere\CustomizeAnywhere.csproj", "{FB3F45E3-7185-4100-8EE0-2128BCF5C9E1}"
EndProject
Project("{9A19103F-16F7-4668-BE54-9A1E7A4F7556}") = "ExpandedPreconditionsUtility", "ExpandedPreconditionsUtility\ExpandedPreconditionsUtility.csproj", "{D34EC4D9-E11C-468E-9A6B-29DB77467590}"
EndProject
Project("{9A19103F-16F7-4668-BE54-9A1E7A4F7556}") = "FarmRearranger", "FarmRearranger\FarmRearranger.csproj", "{B29E2493-F766-4240-A6A8-E95BA6CBBC55}"
EndProject
Project("{9A19103F-16F7-4668-BE54-9A1E7A4F7556}") = "HayBalesAsSilos", "HayBalesAsSilos\HayBalesAsSilos.csproj", "{1C8C8299-8421-429E-B02A-E00C1A36D800}"
EndProject
Project("{9A19103F-16F7-4668-BE54-9A1E7A4F7556}") = "LimitedCampfireCooking", "LimitedCampfireCooking\LimitedCampfireCooking.csproj", "{6C975CBF-9099-47DB-A036-2952257421ED}"
EndProject
Project("{9A19103F-16F7-4668-BE54-9A1E7A4F7556}") = "MultiplayerModChecker", "MultiplayerModChecker\MultiplayerModChecker.csproj", "{C9C09191-99AC-4574-BD9C-B023898B94B0}"
EndProject
Project("{9A19103F-16F7-4668-BE54-9A1E7A4F7556}") = "MultiYieldCrops", "MultiYieldCrops\MultiYieldCrops.csproj", "{C0B22919-F3B2-487F-AE9B-D68714DEE4B0}"
EndProject
Project("{9A19103F-16F7-4668-BE54-9A1E7A4F7556}") = "PlatonicRelationships", "PlatonicRelationships\PlatonicRelationships.csproj", "{DE8174E0-C4B2-49AF-9584-17932A1F545B}"
EndProject
Project("{9A19103F-16F7-4668-BE54-9A1E7A4F7556}") = "ProfitMargins", "ProfitMargins\ProfitMargins.csproj", "{D1162412-90F0-4980-B654-C75759DE1B62}"
EndProject
Project("{9A19103F-16F7-4668-BE54-9A1E7A4F7556}") = "ShopTileFramework", "ShopTileFramework\ShopTileFramework.csproj", "{99EA84ED-3D3C-41F0-9492-4336CC39E0C1}"
EndProject
Project("{9A19103F-16F7-4668-BE54-9A1E7A4F7556}") = "SnackAnything", "SnackAnything\SnackAnything.csproj", "{2118638D-2409-4A80-BA53-6AEF6E8D0948}"
EndProject
Project("{9A19103F-16F7-4668-BE54-9A1E7A4F7556}") = "StardewAquarium", "StardewAquarium\StardewAquarium.csproj", "{6D2BEB21-D1F3-4ABF-B6FE-C39BAFB88F76}"
EndProject
Project("{9A19103F-16F7-4668-BE54-9A1E7A4F7556}") = "ToolUpgradeCosts", "ToolUpgradeCosts\ToolUpgradeCosts.csproj", "{D903D510-C920-4883-8137-BAF903FB4F72}"
EndProject
Project("{9A19103F-16F7-4668-BE54-9A1E7A4F7556}") = "TrainStation", "TrainStation\TrainStation.csproj", "{F1BF5124-965F-4ED8-AF2C-33283FD92EB0}"
EndProject
Project("{9A19103F-16F7-4668-BE54-9A1E7A4F7556}") = "UpgradeEmptyCabins", "UpgradeEmptyCabins\UpgradeEmptyCabins.csproj", "{9F11D9C1-E5A3-4E03-A003-8DC6931C80CB}"
EndProject
Project("{2150E333-8FDC-42A3-9474-1A3956D46DE8}") = ".root", ".root", "{9ECF932E-3DDF-4FCC-B214-247D4F4216BD}"
	ProjectSection(SolutionItems) = preProject
		.editorconfig = .editorconfig
		.gitattributes = .gitattributes
		.gitignore = .gitignore
		Directory.Build.props = Directory.Build.props
		Directory.Packages.props = Directory.Packages.props
		LICENSE = LICENSE
		README.md = README.md
	EndProjectSection
EndProject
Project("{D954291E-2A0B-460D-934E-DC6B0785DB48}") = ".Common", "Common\.Common.shproj", "{1BDDC0C7-CF26-47FD-B6EB-BF945B0862B9}"
EndProject
Global
	GlobalSection(SolutionConfigurationPlatforms) = preSolution
		Debug|Any CPU = Debug|Any CPU
		Release|Any CPU = Release|Any CPU
	EndGlobalSection
	GlobalSection(ProjectConfigurationPlatforms) = postSolution
		{077516AD-1A70-4CDC-90E3-BE4F1D78D60B}.Debug|Any CPU.ActiveCfg = Debug|Any CPU
		{077516AD-1A70-4CDC-90E3-BE4F1D78D60B}.Debug|Any CPU.Build.0 = Debug|Any CPU
		{077516AD-1A70-4CDC-90E3-BE4F1D78D60B}.Release|Any CPU.ActiveCfg = Release|Any CPU
		{077516AD-1A70-4CDC-90E3-BE4F1D78D60B}.Release|Any CPU.Build.0 = Release|Any CPU
		{15F86DAA-1648-494F-9FB9-67532A1ED38C}.Debug|Any CPU.ActiveCfg = Debug|Any CPU
		{15F86DAA-1648-494F-9FB9-67532A1ED38C}.Debug|Any CPU.Build.0 = Debug|Any CPU
		{15F86DAA-1648-494F-9FB9-67532A1ED38C}.Release|Any CPU.ActiveCfg = Release|Any CPU
		{15F86DAA-1648-494F-9FB9-67532A1ED38C}.Release|Any CPU.Build.0 = Release|Any CPU
		{8D64FA42-508D-4388-BA81-7E31C8BAA040}.Debug|Any CPU.ActiveCfg = Debug|Any CPU
		{8D64FA42-508D-4388-BA81-7E31C8BAA040}.Debug|Any CPU.Build.0 = Debug|Any CPU
		{8D64FA42-508D-4388-BA81-7E31C8BAA040}.Release|Any CPU.ActiveCfg = Release|Any CPU
		{8D64FA42-508D-4388-BA81-7E31C8BAA040}.Release|Any CPU.Build.0 = Release|Any CPU
		{FB3F45E3-7185-4100-8EE0-2128BCF5C9E1}.Debug|Any CPU.ActiveCfg = Debug|Any CPU
		{FB3F45E3-7185-4100-8EE0-2128BCF5C9E1}.Debug|Any CPU.Build.0 = Debug|Any CPU
		{FB3F45E3-7185-4100-8EE0-2128BCF5C9E1}.Release|Any CPU.ActiveCfg = Release|Any CPU
		{FB3F45E3-7185-4100-8EE0-2128BCF5C9E1}.Release|Any CPU.Build.0 = Release|Any CPU
		{D34EC4D9-E11C-468E-9A6B-29DB77467590}.Debug|Any CPU.ActiveCfg = Debug|Any CPU
		{D34EC4D9-E11C-468E-9A6B-29DB77467590}.Debug|Any CPU.Build.0 = Debug|Any CPU
		{D34EC4D9-E11C-468E-9A6B-29DB77467590}.Release|Any CPU.ActiveCfg = Release|Any CPU
		{D34EC4D9-E11C-468E-9A6B-29DB77467590}.Release|Any CPU.Build.0 = Release|Any CPU
		{B29E2493-F766-4240-A6A8-E95BA6CBBC55}.Debug|Any CPU.ActiveCfg = Debug|Any CPU
		{B29E2493-F766-4240-A6A8-E95BA6CBBC55}.Debug|Any CPU.Build.0 = Debug|Any CPU
		{B29E2493-F766-4240-A6A8-E95BA6CBBC55}.Release|Any CPU.ActiveCfg = Release|Any CPU
		{B29E2493-F766-4240-A6A8-E95BA6CBBC55}.Release|Any CPU.Build.0 = Release|Any CPU
		{1C8C8299-8421-429E-B02A-E00C1A36D800}.Debug|Any CPU.ActiveCfg = Debug|Any CPU
		{1C8C8299-8421-429E-B02A-E00C1A36D800}.Debug|Any CPU.Build.0 = Debug|Any CPU
		{1C8C8299-8421-429E-B02A-E00C1A36D800}.Release|Any CPU.ActiveCfg = Release|Any CPU
		{1C8C8299-8421-429E-B02A-E00C1A36D800}.Release|Any CPU.Build.0 = Release|Any CPU
		{6C975CBF-9099-47DB-A036-2952257421ED}.Debug|Any CPU.ActiveCfg = Debug|Any CPU
		{6C975CBF-9099-47DB-A036-2952257421ED}.Debug|Any CPU.Build.0 = Debug|Any CPU
		{6C975CBF-9099-47DB-A036-2952257421ED}.Release|Any CPU.ActiveCfg = Release|Any CPU
		{6C975CBF-9099-47DB-A036-2952257421ED}.Release|Any CPU.Build.0 = Release|Any CPU
		{C9C09191-99AC-4574-BD9C-B023898B94B0}.Debug|Any CPU.ActiveCfg = Debug|Any CPU
		{C9C09191-99AC-4574-BD9C-B023898B94B0}.Debug|Any CPU.Build.0 = Debug|Any CPU
		{C9C09191-99AC-4574-BD9C-B023898B94B0}.Release|Any CPU.ActiveCfg = Release|Any CPU
		{C9C09191-99AC-4574-BD9C-B023898B94B0}.Release|Any CPU.Build.0 = Release|Any CPU
		{C0B22919-F3B2-487F-AE9B-D68714DEE4B0}.Debug|Any CPU.ActiveCfg = Debug|Any CPU
		{C0B22919-F3B2-487F-AE9B-D68714DEE4B0}.Debug|Any CPU.Build.0 = Debug|Any CPU
		{C0B22919-F3B2-487F-AE9B-D68714DEE4B0}.Release|Any CPU.ActiveCfg = Release|Any CPU
		{C0B22919-F3B2-487F-AE9B-D68714DEE4B0}.Release|Any CPU.Build.0 = Release|Any CPU
		{DE8174E0-C4B2-49AF-9584-17932A1F545B}.Debug|Any CPU.ActiveCfg = Debug|Any CPU
		{DE8174E0-C4B2-49AF-9584-17932A1F545B}.Debug|Any CPU.Build.0 = Debug|Any CPU
		{DE8174E0-C4B2-49AF-9584-17932A1F545B}.Release|Any CPU.ActiveCfg = Release|Any CPU
		{DE8174E0-C4B2-49AF-9584-17932A1F545B}.Release|Any CPU.Build.0 = Release|Any CPU
		{D1162412-90F0-4980-B654-C75759DE1B62}.Debug|Any CPU.ActiveCfg = Debug|Any CPU
		{D1162412-90F0-4980-B654-C75759DE1B62}.Debug|Any CPU.Build.0 = Debug|Any CPU
		{D1162412-90F0-4980-B654-C75759DE1B62}.Release|Any CPU.ActiveCfg = Release|Any CPU
		{D1162412-90F0-4980-B654-C75759DE1B62}.Release|Any CPU.Build.0 = Release|Any CPU
		{99EA84ED-3D3C-41F0-9492-4336CC39E0C1}.Debug|Any CPU.ActiveCfg = Debug|Any CPU
		{99EA84ED-3D3C-41F0-9492-4336CC39E0C1}.Debug|Any CPU.Build.0 = Debug|Any CPU
		{99EA84ED-3D3C-41F0-9492-4336CC39E0C1}.Release|Any CPU.ActiveCfg = Release|Any CPU
		{99EA84ED-3D3C-41F0-9492-4336CC39E0C1}.Release|Any CPU.Build.0 = Release|Any CPU
		{2118638D-2409-4A80-BA53-6AEF6E8D0948}.Debug|Any CPU.ActiveCfg = Debug|Any CPU
		{2118638D-2409-4A80-BA53-6AEF6E8D0948}.Debug|Any CPU.Build.0 = Debug|Any CPU
		{2118638D-2409-4A80-BA53-6AEF6E8D0948}.Release|Any CPU.ActiveCfg = Release|Any CPU
		{2118638D-2409-4A80-BA53-6AEF6E8D0948}.Release|Any CPU.Build.0 = Release|Any CPU
		{6D2BEB21-D1F3-4ABF-B6FE-C39BAFB88F76}.Debug|Any CPU.ActiveCfg = Debug|Any CPU
		{6D2BEB21-D1F3-4ABF-B6FE-C39BAFB88F76}.Debug|Any CPU.Build.0 = Debug|Any CPU
		{6D2BEB21-D1F3-4ABF-B6FE-C39BAFB88F76}.Release|Any CPU.ActiveCfg = Release|Any CPU
		{6D2BEB21-D1F3-4ABF-B6FE-C39BAFB88F76}.Release|Any CPU.Build.0 = Release|Any CPU
		{D903D510-C920-4883-8137-BAF903FB4F72}.Debug|Any CPU.ActiveCfg = Debug|Any CPU
		{D903D510-C920-4883-8137-BAF903FB4F72}.Debug|Any CPU.Build.0 = Debug|Any CPU
		{D903D510-C920-4883-8137-BAF903FB4F72}.Release|Any CPU.ActiveCfg = Release|Any CPU
		{D903D510-C920-4883-8137-BAF903FB4F72}.Release|Any CPU.Build.0 = Release|Any CPU
		{F1BF5124-965F-4ED8-AF2C-33283FD92EB0}.Debug|Any CPU.ActiveCfg = Debug|Any CPU
		{F1BF5124-965F-4ED8-AF2C-33283FD92EB0}.Debug|Any CPU.Build.0 = Debug|Any CPU
		{F1BF5124-965F-4ED8-AF2C-33283FD92EB0}.Release|Any CPU.ActiveCfg = Release|Any CPU
		{F1BF5124-965F-4ED8-AF2C-33283FD92EB0}.Release|Any CPU.Build.0 = Release|Any CPU
		{9F11D9C1-E5A3-4E03-A003-8DC6931C80CB}.Debug|Any CPU.ActiveCfg = Debug|Any CPU
		{9F11D9C1-E5A3-4E03-A003-8DC6931C80CB}.Debug|Any CPU.Build.0 = Debug|Any CPU
		{9F11D9C1-E5A3-4E03-A003-8DC6931C80CB}.Release|Any CPU.ActiveCfg = Release|Any CPU
		{9F11D9C1-E5A3-4E03-A003-8DC6931C80CB}.Release|Any CPU.Build.0 = Release|Any CPU
	EndGlobalSection
	GlobalSection(SolutionProperties) = preSolution
		HideSolutionNode = FALSE
	EndGlobalSection
	GlobalSection(ExtensibilityGlobals) = postSolution
		SolutionGuid = {E0F41F45-94BD-4BE2-A9D4-55D9F437464D}
	EndGlobalSection
	GlobalSection(SharedMSBuildProjectFiles) = preSolution
		Common\Common.projitems*{077516ad-1a70-4cdc-90e3-be4f1d78d60b}*SharedItemsImports = 5
		Common\Common.projitems*{15f86daa-1648-494f-9fb9-67532a1ed38c}*SharedItemsImports = 5
		Common\Common.projitems*{1bddc0c7-cf26-47fd-b6eb-bf945b0862b9}*SharedItemsImports = 13
		Common\Common.projitems*{1c8c8299-8421-429e-b02a-e00c1a36d800}*SharedItemsImports = 5
		Common\Common.projitems*{2118638d-2409-4a80-ba53-6aef6e8d0948}*SharedItemsImports = 5
		Common\Common.projitems*{6c975cbf-9099-47db-a036-2952257421ed}*SharedItemsImports = 5
		Common\Common.projitems*{6d2beb21-d1f3-4abf-b6fe-c39bafb88f76}*SharedItemsImports = 5
		Common\Common.projitems*{8d64fa42-508d-4388-ba81-7e31c8baa040}*SharedItemsImports = 5
		Common\Common.projitems*{99ea84ed-3d3c-41f0-9492-4336cc39e0c1}*SharedItemsImports = 5
		Common\Common.projitems*{9f11d9c1-e5a3-4e03-a003-8dc6931c80cb}*SharedItemsImports = 5
		Common\Common.projitems*{b29e2493-f766-4240-a6a8-e95ba6cbbc55}*SharedItemsImports = 5
		Common\Common.projitems*{c0b22919-f3b2-487f-ae9b-d68714dee4b0}*SharedItemsImports = 5
		Common\Common.projitems*{c9c09191-99ac-4574-bd9c-b023898b94b0}*SharedItemsImports = 5
		Common\Common.projitems*{d1162412-90f0-4980-b654-c75759de1b62}*SharedItemsImports = 5
		Common\Common.projitems*{d34ec4d9-e11c-468e-9a6b-29db77467590}*SharedItemsImports = 5
		Common\Common.projitems*{d903d510-c920-4883-8137-baf903fb4f72}*SharedItemsImports = 5
		Common\Common.projitems*{de8174e0-c4b2-49af-9584-17932a1f545b}*SharedItemsImports = 5
		Common\Common.projitems*{f1bf5124-965f-4ed8-af2c-33283fd92eb0}*SharedItemsImports = 5
		Common\Common.projitems*{fb3f45e3-7185-4100-8ee0-2128bcf5c9e1}*SharedItemsImports = 5
	EndGlobalSection
EndGlobal
