
Microsoft Visual Studio Solution File, Format Version 12.00
# Visual Studio Version 16
VisualStudioVersion = 16.0.30406.217
MinimumVisualStudioVersion = 10.0.40219.1
Project("{FAE04EC0-301F-11D3-BF4B-00C04F79EFBC}") = "PPJAValleyMarket", "PPJAValleyMarket.csproj", "{AD68FE13-DEFB-4138-8AAA-DC6690043FB1}"
EndProject
Global
	GlobalSection(SolutionConfigurationPlatforms) = preSolution
		Debug|Any CPU = Debug|Any CPU
		Release|Any CPU = Release|Any CPU
	EndGlobalSection
	GlobalSection(ProjectConfigurationPlatforms) = postSolution
		{AD68FE13-DEFB-4138-8AAA-DC6690043FB1}.Debug|Any CPU.ActiveCfg = Debug|x86
		{AD68FE13-DEFB-4138-8AAA-DC6690043FB1}.Debug|Any CPU.Build.0 = Debug|x86
		{AD68FE13-DEFB-4138-8AAA-DC6690043FB1}.Release|Any CPU.ActiveCfg = Release|Any CPU
		{AD68FE13-DEFB-4138-8AAA-DC6690043FB1}.Release|Any CPU.Build.0 = Release|Any CPU
	EndGlobalSection
	GlobalSection(SolutionProperties) = preSolution
		HideSolutionNode = FALSE
	EndGlobalSection
	GlobalSection(ExtensibilityGlobals) = postSolution
		SolutionGuid = {1BFF5E55-2FB5-4923-BA3D-1EDC79297094}
	EndGlobalSection
EndGlobal
