
Microsoft Visual Studio Solution File, Format Version 12.00
# Visual Studio Version 16
VisualStudioVersion = 16.0.29411.108
MinimumVisualStudioVersion = 10.0.40219.1
Project("{9A19103F-16F7-4668-BE54-9A1E7A4F7556}") = "PlatonicRelationships", "PlatonicRelationships.csproj", "{9BD00A3A-C861-4CEE-8F78-1630249444F7}"
EndProject
Global
	GlobalSection(SolutionConfigurationPlatforms) = preSolution
		Debug|Any CPU = Debug|Any CPU
		Release|Any CPU = Release|Any CPU
	EndGlobalSection
	GlobalSection(ProjectConfigurationPlatforms) = postSolution
		{9BD00A3A-C861-4CEE-8F78-1630249444F7}.Debug|Any CPU.ActiveCfg = Debug|x86
		{9BD00A3A-C861-4CEE-8F78-1630249444F7}.Debug|Any CPU.Build.0 = Debug|x86
		{9BD00A3A-C861-4CEE-8F78-1630249444F7}.Release|Any CPU.ActiveCfg = Release|x86
	EndGlobalSection
	GlobalSection(SolutionProperties) = preSolution
		HideSolutionNode = FALSE
	EndGlobalSection
	GlobalSection(ExtensibilityGlobals) = postSolution
		SolutionGuid = {F2D68AA6-CCD7-41B3-822B-1969DF024D3D}
	EndGlobalSection
EndGlobal
