
Microsoft Visual Studio Solution File, Format Version 12.00
# Visual Studio Version 16
VisualStudioVersion = 16.0.30320.27
MinimumVisualStudioVersion = 10.0.40219.1
Project("{9A19103F-16F7-4668-BE54-9A1E7A4F7556}") = "MultiplayerModChecker", "MultiplayerModChecker.csproj", "{C19FC521-2B03-47CA-B5D0-53A33F7EA329}"
EndProject
Global
	GlobalSection(SolutionConfigurationPlatforms) = preSolution
		Debug|Any CPU = Debug|Any CPU
		Release|Any CPU = Release|Any CPU
	EndGlobalSection
	GlobalSection(ProjectConfigurationPlatforms) = postSolution
		{C19FC521-2B03-47CA-B5D0-53A33F7EA329}.Debug|Any CPU.ActiveCfg = Debug|x86
		{C19FC521-2B03-47CA-B5D0-53A33F7EA329}.Debug|Any CPU.Build.0 = Debug|x86
		{C19FC521-2B03-47CA-B5D0-53A33F7EA329}.Release|Any CPU.ActiveCfg = Release|x86
	EndGlobalSection
	GlobalSection(SolutionProperties) = preSolution
		HideSolutionNode = FALSE
	EndGlobalSection
	GlobalSection(ExtensibilityGlobals) = postSolution
		SolutionGuid = {CBF5866D-3B72-4E1B-BD8C-DE57956466F9}
	EndGlobalSection
EndGlobal
