
Microsoft Visual Studio Solution File, Format Version 12.00
# Visual Studio Version 16
VisualStudioVersion = 16.0.30204.135
MinimumVisualStudioVersion = 10.0.40219.1
Project("{9A19103F-16F7-4668-BE54-9A1E7A4F7556}") = "StardewAquarium", "StardewAquarium.csproj", "{82BC8EB9-3CCE-436C-AD7D-617A3E3A0287}"
EndProject
Global
	GlobalSection(SolutionConfigurationPlatforms) = preSolution
		Debug|Any CPU = Debug|Any CPU
		Release|Any CPU = Release|Any CPU
	EndGlobalSection
	GlobalSection(ProjectConfigurationPlatforms) = postSolution
		{82BC8EB9-3CCE-436C-AD7D-617A3E3A0287}.Debug|Any CPU.ActiveCfg = Debug|x86
		{82BC8EB9-3CCE-436C-AD7D-617A3E3A0287}.Debug|Any CPU.Build.0 = Debug|x86
		{82BC8EB9-3CCE-436C-AD7D-617A3E3A0287}.Release|Any CPU.ActiveCfg = Release|x86
	EndGlobalSection
	GlobalSection(SolutionProperties) = preSolution
		HideSolutionNode = FALSE
	EndGlobalSection
	GlobalSection(ExtensibilityGlobals) = postSolution
		SolutionGuid = {6AC4D813-3A3E-450E-913B-3FAEE7486D94}
	EndGlobalSection
EndGlobal
