
Microsoft Visual Studio Solution File, Format Version 12.00
# Visual Studio Version 16
VisualStudioVersion = 16.0.29613.14
MinimumVisualStudioVersion = 10.0.40219.1
Project("{FAE04EC0-301F-11D3-BF4B-00C04F79EFBC}") = "FarmRearranger", "FarmRearranger.csproj", "{4B779F0F-8429-4BF3-B95C-325974B7BBED}"
EndProject
Global
	GlobalSection(SolutionConfigurationPlatforms) = preSolution
		Debug|Any CPU = Debug|Any CPU
		Release|Any CPU = Release|Any CPU
	EndGlobalSection
	GlobalSection(ProjectConfigurationPlatforms) = postSolution
		{4B779F0F-8429-4BF3-B95C-325974B7BBED}.Debug|Any CPU.ActiveCfg = Debug|x86
		{4B779F0F-8429-4BF3-B95C-325974B7BBED}.Debug|Any CPU.Build.0 = Debug|x86
		{4B779F0F-8429-4BF3-B95C-325974B7BBED}.Release|Any CPU.ActiveCfg = Release|x86
	EndGlobalSection
	GlobalSection(SolutionProperties) = preSolution
		HideSolutionNode = FALSE
	EndGlobalSection
	GlobalSection(ExtensibilityGlobals) = postSolution
		SolutionGuid = {3DDE0301-062F-401A-9E24-B12ED0416E07}
	EndGlobalSection
EndGlobal
