
Microsoft Visual Studio Solution File, Format Version 12.00
# Visual Studio Version 16
VisualStudioVersion = 16.0.29709.97
MinimumVisualStudioVersion = 10.0.40219.1
Project("{FAE04EC0-301F-11D3-BF4B-00C04F79EFBC}") = "SnackAnything", "SnackEverything\SnackAnything.csproj", "{55F77117-7286-43BD-8342-8AFD47D81A6F}"
EndProject
Global
	GlobalSection(SolutionConfigurationPlatforms) = preSolution
		Debug|Any CPU = Debug|Any CPU
		Release|Any CPU = Release|Any CPU
	EndGlobalSection
	GlobalSection(ProjectConfigurationPlatforms) = postSolution
		{55F77117-7286-43BD-8342-8AFD47D81A6F}.Debug|Any CPU.ActiveCfg = Debug|x86
		{55F77117-7286-43BD-8342-8AFD47D81A6F}.Debug|Any CPU.Build.0 = Debug|x86
		{55F77117-7286-43BD-8342-8AFD47D81A6F}.Release|Any CPU.ActiveCfg = Release|x86
	EndGlobalSection
	GlobalSection(SolutionProperties) = preSolution
		HideSolutionNode = FALSE
	EndGlobalSection
	GlobalSection(ExtensibilityGlobals) = postSolution
		SolutionGuid = {147CAAC2-35F2-41CE-81AF-2DCECF9AA934}
	EndGlobalSection
EndGlobal
