
Microsoft Visual Studio Solution File, Format Version 12.00
# Visual Studio Version 16
VisualStudioVersion = 16.0.29613.14
MinimumVisualStudioVersion = 10.0.40219.1
Project("{FAE04EC0-301F-11D3-BF4B-00C04F79EFBC}") = "CataloguesAnywhere", "CataloguesAnywhere.csproj", "{7C86814B-D022-4F46-B10E-D94B5417C7EC}"
EndProject
Global
	GlobalSection(SolutionConfigurationPlatforms) = preSolution
		Debug|Any CPU = Debug|Any CPU
		Release|Any CPU = Release|Any CPU
	EndGlobalSection
	GlobalSection(ProjectConfigurationPlatforms) = postSolution
		{7C86814B-D022-4F46-B10E-D94B5417C7EC}.Debug|Any CPU.ActiveCfg = Debug|x86
		{7C86814B-D022-4F46-B10E-D94B5417C7EC}.Debug|Any CPU.Build.0 = Debug|x86
		{7C86814B-D022-4F46-B10E-D94B5417C7EC}.Release|Any CPU.ActiveCfg = Release|x86
	EndGlobalSection
	GlobalSection(SolutionProperties) = preSolution
		HideSolutionNode = FALSE
	EndGlobalSection
	GlobalSection(ExtensibilityGlobals) = postSolution
		SolutionGuid = {6F40D9B5-D700-4AD5-81BB-09B9209BAB0A}
	EndGlobalSection
EndGlobal
